
Microsoft Visual Studio Solution File, Format Version 12.00
# Visual Studio Version 16
VisualStudioVersion = 16.0.30907.101
MinimumVisualStudioVersion = 10.0.40219.1
Project("{FAE04EC0-301F-11D3-BF4B-00C04F79EFBC}") = "Session2App", "Session2App\Session2App.csproj", "{DCBFE8E8-18E3-4411-9F88-737E844D2527}"
EndProject
Global
	GlobalSection(SolutionConfigurationPlatforms) = preSolution
		Debug|Any CPU = Debug|Any CPU
		Release|Any CPU = Release|Any CPU
	EndGlobalSection
	GlobalSection(ProjectConfigurationPlatforms) = postSolution
		{DCBFE8E8-18E3-4411-9F88-737E844D2527}.Debug|Any CPU.ActiveCfg = Debug|Any CPU
		{DCBFE8E8-18E3-4411-9F88-737E844D2527}.Debug|Any CPU.Build.0 = Debug|Any CPU
		{DCBFE8E8-18E3-4411-9F88-737E844D2527}.Release|Any CPU.ActiveCfg = Release|Any CPU
		{DCBFE8E8-18E3-4411-9F88-737E844D2527}.Release|Any CPU.Build.0 = Release|Any CPU
	EndGlobalSection
	GlobalSection(SolutionProperties) = preSolution
		HideSolutionNode = FALSE
	EndGlobalSection
	GlobalSection(ExtensibilityGlobals) = postSolution
		SolutionGuid = {4D3D974F-AA10-450F-90AC-D7096B703B10}
	EndGlobalSection
EndGlobal
